// !$*UTF8*$!
{
	archiveVersion = 1;
	classes = {
	};
	objectVersion = 46;
	objects = {

/* Begin PBXBuildFile section */
		F4CD46D91E7E27FB003A7D1D /* main.m in Sources */ = {isa = PBXBuildFile; fileRef = F4CD46D81E7E27FB003A7D1D /* main.m */; };
		F4CD46DC1E7E27FB003A7D1D /* AppDelegate.m in Sources */ = {isa = PBXBuildFile; fileRef = F4CD46DB1E7E27FB003A7D1D /* AppDelegate.m */; };
		F4CD46DF1E7E27FB003A7D1D /* ViewController.m in Sources */ = {isa = PBXBuildFile; fileRef = F4CD46DE1E7E27FB003A7D1D /* ViewController.m */; };
		F4CD46E21E7E27FB003A7D1D /* Main.storyboard in Resources */ = {isa = PBXBuildFile; fileRef = F4CD46E01E7E27FB003A7D1D /* Main.storyboard */; };
		F4CD46E41E7E27FB003A7D1D /* Assets.xcassets in Resources */ = {isa = PBXBuildFile; fileRef = F4CD46E31E7E27FB003A7D1D /* Assets.xcassets */; };
		F4CD46E71E7E27FB003A7D1D /* LaunchScreen.storyboard in Resources */ = {isa = PBXBuildFile; fileRef = F4CD46E51E7E27FB003A7D1D /* LaunchScreen.storyboard */; };
/* End PBXBuildFile section */

/* Begin PBXFileReference section */
		F4CD46D41E7E27FB003A7D1D /* Unknown.app */ = {isa = PBXFileReference; explicitFileType = wrapper.application; includeInIndex = 0; path = Unknown.app; sourceTree = BUILT_PRODUCTS_DIR; };
		F4CD46D81E7E27FB003A7D1D /* main.m */ = {isa = PBXFileReference; lastKnownFileType = sourcecode.c.objc; path = main.m; sourceTree = "<group>"; };
		F4CD46DA1E7E27FB003A7D1D /* AppDelegate.h */ = {isa = PBXFileReference; lastKnownFileType = sourcecode.c.h; path = AppDelegate.h; sourceTree = "<group>"; };
		F4CD46DB1E7E27FB003A7D1D /* AppDelegate.m */ = {isa = PBXFileReference; lastKnownFileType = sourcecode.c.objc; path = AppDelegate.m; sourceTree = "<group>"; };
		F4CD46DD1E7E27FB003A7D1D /* ViewController.h */ = {isa = PBXFileReference; lastKnownFileType = sourcecode.c.h; path = ViewController.h; sourceTree = "<group>"; };
		F4CD46DE1E7E27FB003A7D1D /* ViewController.m */ = {isa = PBXFileReference; lastKnownFileType = sourcecode.c.objc; path = ViewController.m; sourceTree = "<group>"; };
		F4CD46E11E7E27FB003A7D1D /* Base */ = {isa = PBXFileReference; lastKnownFileType = file.storyboard; name = Base; path = Base.lproj/Main.storyboard; sourceTree = "<group>"; };
		F4CD46E31E7E27FB003A7D1D /* Assets.xcassets */ = {isa = PBXFileReference; lastKnownFileType = folder.assetcatalog; path = Assets.xcassets; sourceTree = "<group>"; };
		F4CD46E61E7E27FB003A7D1D /* Base */ = {isa = PBXFileReference; lastKnownFileType = file.storyboard; name = Base; path = Base.lproj/LaunchScreen.storyboard; sourceTree = "<group>"; };
		F4CD46E81E7E27FB003A7D1D /* Info.plist */ = {isa = PBXFileReference; lastKnownFileType = text.plist.xml; path = Info.plist; sourceTree = "<group>"; };
/* End PBXFileReference section */

/* Begin PBXFrameworksBuildPhase section */
		F4CD46D11E7E27FB003A7D1D /* Frameworks */ = {
			isa = PBXFrameworksBuildPhase;
			buildActionMask = 2147483647;
			files = (
			);
			runOnlyForDeploymentPostprocessing = 0;
		};
/* End PBXFrameworksBuildPhase section */

/* Begin PBXGroup section */
		F4CD46CB1E7E27FB003A7D1D = {
			isa = PBXGroup;
			children = (
				F4CD46D61E7E27FB003A7D1D /* Unknown */,
				F4CD46D51E7E27FB003A7D1D /* Products */,
			);
			sourceTree = "<group>";
		};
		F4CD46D51E7E27FB003A7D1D /* Products */ = {
			isa = PBXGroup;
			children = (
				F4CD46D41E7E27FB003A7D1D /* Unknown.app */,
			);
			name = Products;
			sourceTree = "<group>";
		};
		F4CD46D61E7E27FB003A7D1D /* Unknown */ = {
			isa = PBXGroup;
			children = (
				F4CD46DA1E7E27FB003A7D1D /* AppDelegate.h */,
				F4CD46DB1E7E27FB003A7D1D /* AppDelegate.m */,
				F4CD46DD1E7E27FB003A7D1D /* ViewController.h */,
				F4CD46DE1E7E27FB003A7D1D /* ViewController.m */,
				F4CD46E01E7E27FB003A7D1D /* Main.storyboard */,
				F4CD46E31E7E27FB003A7D1D /* Assets.xcassets */,
				F4CD46E51E7E27FB003A7D1D /* LaunchScreen.storyboard */,
				F4CD46E81E7E27FB003A7D1D /* Info.plist */,
				F4CD46D71E7E27FB003A7D1D /* Supporting Files */,
			);
			path = Unknown;
			sourceTree = "<group>";
		};
		F4CD46D71E7E27FB003A7D1D /* Supporting Files */ = {
			isa = PBXGroup;
			children = (
				F4CD46D81E7E27FB003A7D1D /* main.m */,
			);
			name = "Supporting Files";
			sourceTree = "<group>";
		};
/* End PBXGroup section */

/* Begin PBXNativeTarget section */
		F4CD46D31E7E27FB003A7D1D /* Unknown */ = {
			isa = PBXNativeTarget;
			buildConfigurationList = F4CD46EB1E7E27FB003A7D1D /* Build configuration list for PBXNativeTarget "Unknown" */;
			buildPhases = (
				F4CD46D01E7E27FB003A7D1D /* Sources */,
				F4CD46D11E7E27FB003A7D1D /* Frameworks */,
				F4CD46D21E7E27FB003A7D1D /* Resources */,
			);
			buildRules = (
			);
			dependencies = (
			);
			name = Unknown;
			productName = Unknown;
			productReference = F4CD46D41E7E27FB003A7D1D /* Unknown.app */;
			productType = "com.apple.product-type.application";
		};
/* End PBXNativeTarget section */

/* Begin PBXProject section */
		F4CD46CC1E7E27FB003A7D1D /* Project object */ = {
			isa = PBXProject;
			attributes = {
				LastUpgradeCheck = 0820;
				ORGANIZATIONNAME = "荣刚";
				TargetAttributes = {
					F4CD46D31E7E27FB003A7D1D = {
						CreatedOnToolsVersion = 8.2.1;
						DevelopmentTeam = C8MKUM9Y7X;
						ProvisioningStyle = Automatic;
					};
				};
			};
			buildConfigurationList = F4CD46CF1E7E27FB003A7D1D /* Build configuration list for PBXProject "Unknown" */;
			compatibilityVersion = "Xcode 3.2";
			developmentRegion = English;
			hasScannedForEncodings = 0;
			knownRegions = (
				en,
				Base,
			);
			mainGroup = F4CD46CB1E7E27FB003A7D1D;
			productRefGroup = F4CD46D51E7E27FB003A7D1D /* Products */;
			projectDirPath = "";
			projectRoot = "";
			targets = (
				F4CD46D31E7E27FB003A7D1D /* Unknown */,
			);
		};
/* End PBXProject section */

/* Begin PBXResourcesBuildPhase section */
		F4CD46D21E7E27FB003A7D1D /* Resources */ = {
			isa = PBXResourcesBuildPhase;
			buildActionMask = 2147483647;
			files = (
				F4CD46E71E7E27FB003A7D1D /* LaunchScreen.storyboard in Resources */,
				F4CD46E41E7E27FB003A7D1D /* Assets.xcassets in Resources */,
				F4CD46E21E7E27FB003A7D1D /* Main.storyboard in Resources */,
			);
			runOnlyForDeploymentPostprocessing = 0;
		};
/* End PBXResourcesBuildPhase section */

/* Begin PBXSourcesBuildPhase section */
		F4CD46D01E7E27FB003A7D1D /* Sources */ = {
			isa = PBXSourcesBuildPhase;
			buildActionMask = 2147483647;
			files = (
				F4CD46DF1E7E27FB003A7D1D /* ViewController.m in Sources */,
				F4CD46DC1E7E27FB003A7D1D /* AppDelegate.m in Sources */,
				F4CD46D91E7E27FB003A7D1D /* main.m in Sources */,
			);
			runOnlyForDeploymentPostprocessing = 0;
		};
/* End PBXSourcesBuildPhase section */

/* Begin PBXVariantGroup section */
		F4CD46E01E7E27FB003A7D1D /* Main.storyboard */ = {
			isa = PBXVariantGroup;
			children = (
				F4CD46E11E7E27FB003A7D1D /* Base */,
			);
			name = Main.storyboard;
			sourceTree = "<group>";
		};
		F4CD46E51E7E27FB003A7D1D /* LaunchScreen.storyboard */ = {
			isa = PBXVariantGroup;
			children = (
				F4CD46E61E7E27FB003A7D1D /* Base */,
			);
			name = LaunchScreen.storyboard;
			sourceTree = "<group>";
		};
/* End PBXVariantGroup section */

/* Begin XCBuildConfiguration section */
		F4CD46E91E7E27FB003A7D1D /* Debug */ = {
			isa = XCBuildConfiguration;
			buildSettings = {
				ALWAYS_SEARCH_USER_PATHS = NO;
				CLANG_ANALYZER_NONNULL = YES;
				CLANG_CXX_LANGUAGE_STANDARD = "gnu++0x";
				CLANG_CXX_LIBRARY = "libc++";
				CLANG_ENABLE_MODULES = YES;
				CLANG_ENABLE_OBJC_ARC = YES;
				CLANG_WARN_BOOL_CONVERSION = YES;
				CLANG_WARN_CONSTANT_CONVERSION = YES;
				CLANG_WARN_DIRECT_OBJC_ISA_USAGE = YES_ERROR;
				CLANG_WARN_DOCUMENTATION_COMMENTS = YES;
				CLANG_WARN_EMPTY_BODY = YES;
				CLANG_WARN_ENUM_CONVERSION = YES;
				CLANG_WARN_INFINITE_RECURSION = YES;
				CLANG_WARN_INT_CONVERSION = YES;
				CLANG_WARN_OBJC_ROOT_CLASS = YES_ERROR;
				CLANG_WARN_SUSPICIOUS_MOVE = YES;
				CLANG_WARN_UNREACHABLE_CODE = YES;
				CLANG_WARN__DUPLICATE_METHOD_MATCH = YES;
				"CODE_SIGN_IDENTITY[sdk=iphoneos*]" = "iPhone Developer";
				COPY_PHASE_STRIP = NO;
				DEBUG_INFORMATION_FORMAT = dwarf;
				ENABLE_STRICT_OBJC_MSGSEND = YES;
				ENABLE_TESTABILITY = YES;
				GCC_C_LANGUAGE_STANDARD = gnu99;
				GCC_DYNAMIC_NO_PIC = NO;
				GCC_NO_COMMON_BLOCKS = YES;
				GCC_OPTIMIZATION_LEVEL = 0;
				GCC_PREPROCESSOR_DEFINITIONS = (
					"DEBUG=1",
					"$(inherited)",
				);
				GCC_WARN_64_TO_32_BIT_CONVERSION = YES;
				GCC_WARN_ABOUT_RETURN_TYPE = YES_ERROR;
				GCC_WARN_UNDECLARED_SELECTOR = YES;
				GCC_WARN_UNINITIALIZED_AUTOS = YES_AGGRESSIVE;
				GCC_WARN_UNUSED_FUNCTION = YES;
				GCC_WARN_UNUSED_VARIABLE = YES;
				IPHONEOS_DEPLOYMENT_TARGET = 10.2;
				MTL_ENABLE_DEBUG_INFO = YES;
				ONLY_ACTIVE_ARCH = YES;
				SDKROOT = iphoneos;
			};
			name = Debug;
		};
		F4CD46EA1E7E27FB003A7D1D /* Release */ = {
			isa = XCBuildConfiguration;
			buildSettings = {
				ALWAYS_SEARCH_USER_PATHS = NO;
				CLANG_ANALYZER_NONNULL = YES;
				CLANG_CXX_LANGUAGE_STANDARD = "gnu++0x";
				CLANG_CXX_LIBRARY = "libc++";
				CLANG_ENABLE_MODULES = YES;
				CLANG_ENABLE_OBJC_ARC = YES;
				CLANG_WARN_BOOL_CONVERSION = YES;
				CLANG_WARN_CONSTANT_CONVERSION = YES;
				CLANG_WARN_DIRECT_OBJC_ISA_USAGE = YES_ERROR;
				CLANG_WARN_DOCUMENTATION_COMMENTS = YES;
				CLANG_WARN_EMPTY_BODY = YES;
				CLANG_WARN_ENUM_CONVERSION = YES;
				CLANG_WARN_INFINITE_RECURSION = YES;
				CLANG_WARN_INT_CONVERSION = YES;
				CLANG_WARN_OBJC_ROOT_CLASS = YES_ERROR;
				CLANG_WARN_SUSPICIOUS_MOVE = YES;
				CLANG_WARN_UNREACHABLE_CODE = YES;
				CLANG_WARN__DUPLICATE_METHOD_MATCH = YES;
				"CODE_SIGN_IDENTITY[sdk=iphoneos*]" = "iPhone Developer";
				COPY_PHASE_STRIP = NO;
				DEBUG_INFORMATION_FORMAT = "dwarf-with-dsym";
				ENABLE_NS_ASSERTIONS = NO;
				ENABLE_STRICT_OBJC_MSGSEND = YES;
				GCC_C_LANGUAGE_STANDARD = gnu99;
				GCC_NO_COMMON_BLOCKS = YES;
				GCC_WARN_64_TO_32_BIT_CONVERSION = YES;
				GCC_WARN_ABOUT_RETURN_TYPE = YES_ERROR;
				GCC_WARN_UNDECLARED_SELECTOR = YES;
				GCC_WARN_UNINITIALIZED_AUTOS = YES_AGGRESSIVE;
				GCC_WARN_UNUSED_FUNCTION = YES;
				GCC_WARN_UNUSED_VARIABLE = YES;
				IPHONEOS_DEPLOYMENT_TARGET = 10.2;
				MTL_ENABLE_DEBUG_INFO = NO;
				SDKROOT = iphoneos;
				VALIDATE_PRODUCT = YES;
			};
			name = Release;
		};
		F4CD46EC1E7E27FB003A7D1D /* Debug */ = {
			isa = XCBuildConfiguration;
			buildSettings = {
				ASSETCATALOG_COMPILER_APPICON_NAME = AppIcon;
				DEVELOPMENT_TEAM = C8MKUM9Y7X;
				INFOPLIST_FILE = Unknown/Info.plist;
				LD_RUNPATH_SEARCH_PATHS = "$(inherited) @executable_path/Frameworks";
				PRODUCT_BUNDLE_IDENTIFIER = com.love.Unknown;
				PRODUCT_NAME = "$(TARGET_NAME)";
			};
			name = Debug;
		};
		F4CD46ED1E7E27FB003A7D1D /* Release */ = {
			isa = XCBuildConfiguration;
			buildSettings = {
				ASSETCATALOG_COMPILER_APPICON_NAME = AppIcon;
				DEVELOPMENT_TEAM = C8MKUM9Y7X;
				INFOPLIST_FILE = Unknown/Info.plist;
				LD_RUNPATH_SEARCH_PATHS = "$(inherited) @executable_path/Frameworks";
				PRODUCT_BUNDLE_IDENTIFIER = com.love.Unknown;
				PRODUCT_NAME = "$(TARGET_NAME)";
			};
			name = Release;
		};
/* End XCBuildConfiguration section */

/* Begin XCConfigurationList section */
		F4CD46CF1E7E27FB003A7D1D /* Build configuration list for PBXProject "Unknown" */ = {
			isa = XCConfigurationList;
			buildConfigurations = (
				F4CD46E91E7E27FB003A7D1D /* Debug */,
				F4CD46EA1E7E27FB003A7D1D /* Release */,
			);
			defaultConfigurationIsVisible = 0;
			defaultConfigurationName = Release;
		};
		F4CD46EB1E7E27FB003A7D1D /* Build configuration list for PBXNativeTarget "Unknown" */ = {
			isa = XCConfigurationList;
			buildConfigurations = (
				F4CD46EC1E7E27FB003A7D1D /* Debug */,
				F4CD46ED1E7E27FB003A7D1D /* Release */,
			);
			defaultConfigurationIsVisible = 0;
		};
/* End XCConfigurationList section */
	};
	rootObject = F4CD46CC1E7E27FB003A7D1D /* Project object */;
}
